
Microsoft Visual Studio Solution File, Format Version 11.00
# Visual Studio 2010
Project("{FAE04EC0-301F-11D3-BF4B-00C04F79EFBC}") = "TaoBaoDataServer.WinClientData", "TaoBaoDataServer.WinClientData\TaoBaoDataServer.WinClientData.csproj", "{FB5FACE1-E412-4944-AE1B-32A8C12A343F}"
EndProject
Project("{2150E333-8FDC-42A3-9474-1A3956D46DE8}") = "DLL", "DLL", "{ADADD7CC-11F3-4536-916A-7F520868035C}"
	ProjectSection(SolutionItems) = preProject
		C:\Program Files (x86)\DevExpress 13.2\Components\Bin\Framework\DevExpress.BonusSkins.v13.2.dll = C:\Program Files (x86)\DevExpress 13.2\Components\Bin\Framework\DevExpress.BonusSkins.v13.2.dll
		C:\Program Files (x86)\DevExpress 13.2\Components\Bin\Framework\DevExpress.Charts.Designer.v13.2.dll = C:\Program Files (x86)\DevExpress 13.2\Components\Bin\Framework\DevExpress.Charts.Designer.v13.2.dll
		C:\Program Files (x86)\DevExpress 13.2\Components\Bin\Framework\DevExpress.Charts.v13.2.Core.dll = C:\Program Files (x86)\DevExpress 13.2\Components\Bin\Framework\DevExpress.Charts.v13.2.Core.dll
		C:\Program Files (x86)\DevExpress 13.2\Components\Bin\Framework\DevExpress.CodeConverter.v13.2.dll = C:\Program Files (x86)\DevExpress 13.2\Components\Bin\Framework\DevExpress.CodeConverter.v13.2.dll
		C:\Program Files (x86)\DevExpress 13.2\Components\Bin\Framework\DevExpress.CodeParser.v13.2.dll = C:\Program Files (x86)\DevExpress 13.2\Components\Bin\Framework\DevExpress.CodeParser.v13.2.dll
		C:\Program Files (x86)\DevExpress 13.2\Components\Bin\Framework\DevExpress.Dashboard.v13.2.Core.dll = C:\Program Files (x86)\DevExpress 13.2\Components\Bin\Framework\DevExpress.Dashboard.v13.2.Core.dll
		C:\Program Files (x86)\DevExpress 13.2\Components\Bin\Framework\DevExpress.Dashboard.v13.2.Web.dll = C:\Program Files (x86)\DevExpress 13.2\Components\Bin\Framework\DevExpress.Dashboard.v13.2.Web.dll
		C:\Program Files (x86)\DevExpress 13.2\Components\Bin\Framework\DevExpress.Dashboard.v13.2.Win.dll = C:\Program Files (x86)\DevExpress 13.2\Components\Bin\Framework\DevExpress.Dashboard.v13.2.Win.dll
		C:\Program Files (x86)\DevExpress 13.2\Components\Bin\Framework\DevExpress.Data.v13.2.dll = C:\Program Files (x86)\DevExpress 13.2\Components\Bin\Framework\DevExpress.Data.v13.2.dll
		C:\Program Files (x86)\DevExpress 13.2\Components\Bin\Framework\DevExpress.DataAccess.v13.2.dll = C:\Program Files (x86)\DevExpress 13.2\Components\Bin\Framework\DevExpress.DataAccess.v13.2.dll
		C:\Program Files (x86)\DevExpress 13.2\Components\Bin\Framework\DevExpress.DataAccess.v13.2.UI.dll = C:\Program Files (x86)\DevExpress 13.2\Components\Bin\Framework\DevExpress.DataAccess.v13.2.UI.dll
		C:\Program Files (x86)\DevExpress 13.2\Components\Bin\Framework\DevExpress.DemoData.v13.2.Core.dll = C:\Program Files (x86)\DevExpress 13.2\Components\Bin\Framework\DevExpress.DemoData.v13.2.Core.dll
		C:\Program Files (x86)\DevExpress 13.2\Components\Bin\Framework\DevExpress.DemoData.v13.2.dll = C:\Program Files (x86)\DevExpress 13.2\Components\Bin\Framework\DevExpress.DemoData.v13.2.dll
		C:\Program Files (x86)\DevExpress 13.2\Components\Bin\Framework\DevExpress.DemoReports.v13.2.dll = C:\Program Files (x86)\DevExpress 13.2\Components\Bin\Framework\DevExpress.DemoReports.v13.2.dll
		C:\Program Files (x86)\DevExpress 13.2\Components\Bin\Framework\DevExpress.Docs.v13.2.dll = C:\Program Files (x86)\DevExpress 13.2\Components\Bin\Framework\DevExpress.Docs.v13.2.dll
		C:\Program Files (x86)\DevExpress 13.2\Components\Bin\Framework\DevExpress.EasyTest.v13.2.dll = C:\Program Files (x86)\DevExpress 13.2\Components\Bin\Framework\DevExpress.EasyTest.v13.2.dll
		C:\Program Files (x86)\DevExpress 13.2\Components\Bin\Framework\DevExpress.ExpressApp.AuditTrail.v13.2.dll = C:\Program Files (x86)\DevExpress 13.2\Components\Bin\Framework\DevExpress.ExpressApp.AuditTrail.v13.2.dll
		C:\Program Files (x86)\DevExpress 13.2\Components\Bin\Framework\DevExpress.ExpressApp.Chart.v13.2.dll = C:\Program Files (x86)\DevExpress 13.2\Components\Bin\Framework\DevExpress.ExpressApp.Chart.v13.2.dll
		C:\Program Files (x86)\DevExpress 13.2\Components\Bin\Framework\DevExpress.ExpressApp.Chart.Web.v13.2.dll = C:\Program Files (x86)\DevExpress 13.2\Components\Bin\Framework\DevExpress.ExpressApp.Chart.Web.v13.2.dll
		C:\Program Files (x86)\DevExpress 13.2\Components\Bin\Framework\DevExpress.ExpressApp.Chart.Win.v13.2.dll = C:\Program Files (x86)\DevExpress 13.2\Components\Bin\Framework\DevExpress.ExpressApp.Chart.Win.v13.2.dll
		C:\Program Files (x86)\DevExpress 13.2\Components\Bin\Framework\DevExpress.ExpressApp.CloneObject.v13.2.dll = C:\Program Files (x86)\DevExpress 13.2\Components\Bin\Framework\DevExpress.ExpressApp.CloneObject.v13.2.dll
		C:\Program Files (x86)\DevExpress 13.2\Components\Bin\Framework\DevExpress.ExpressApp.ConditionalAppearance.v13.2.dll = C:\Program Files (x86)\DevExpress 13.2\Components\Bin\Framework\DevExpress.ExpressApp.ConditionalAppearance.v13.2.dll
		C:\Program Files (x86)\DevExpress 13.2\Components\Bin\Framework\DevExpress.ExpressApp.Demos.v13.2.dll = C:\Program Files (x86)\DevExpress 13.2\Components\Bin\Framework\DevExpress.ExpressApp.Demos.v13.2.dll
		C:\Program Files (x86)\DevExpress 13.2\Components\Bin\Framework\DevExpress.ExpressApp.Demos.Win.v13.2.dll = C:\Program Files (x86)\DevExpress 13.2\Components\Bin\Framework\DevExpress.ExpressApp.Demos.Win.v13.2.dll
		C:\Program Files (x86)\DevExpress 13.2\Components\Bin\Framework\DevExpress.ExpressApp.EasyTest.WebAdapter.v13.2.dll = C:\Program Files (x86)\DevExpress 13.2\Components\Bin\Framework\DevExpress.ExpressApp.EasyTest.WebAdapter.v13.2.dll
		C:\Program Files (x86)\DevExpress 13.2\Components\Bin\Framework\DevExpress.ExpressApp.EasyTest.WinAdapter.v13.2.dll = C:\Program Files (x86)\DevExpress 13.2\Components\Bin\Framework\DevExpress.ExpressApp.EasyTest.WinAdapter.v13.2.dll
		C:\Program Files (x86)\DevExpress 13.2\Components\Bin\Framework\DevExpress.ExpressApp.EF.45.v13.2.dll = C:\Program Files (x86)\DevExpress 13.2\Components\Bin\Framework\DevExpress.ExpressApp.EF.45.v13.2.dll
		C:\Program Files (x86)\DevExpress 13.2\Components\Bin\Framework\DevExpress.ExpressApp.EF.v13.2.dll = C:\Program Files (x86)\DevExpress 13.2\Components\Bin\Framework\DevExpress.ExpressApp.EF.v13.2.dll
		C:\Program Files (x86)\DevExpress 13.2\Components\Bin\Framework\DevExpress.ExpressApp.FileAttachment.Web.v13.2.dll = C:\Program Files (x86)\DevExpress 13.2\Components\Bin\Framework\DevExpress.ExpressApp.FileAttachment.Web.v13.2.dll
		C:\Program Files (x86)\DevExpress 13.2\Components\Bin\Framework\DevExpress.ExpressApp.FileAttachment.Win.v13.2.dll = C:\Program Files (x86)\DevExpress 13.2\Components\Bin\Framework\DevExpress.ExpressApp.FileAttachment.Win.v13.2.dll
		C:\Program Files (x86)\DevExpress 13.2\Components\Bin\Framework\DevExpress.ExpressApp.HtmlPropertyEditor.Web.Design.v13.2.dll = C:\Program Files (x86)\DevExpress 13.2\Components\Bin\Framework\DevExpress.ExpressApp.HtmlPropertyEditor.Web.Design.v13.2.dll
		C:\Program Files (x86)\DevExpress 13.2\Components\Bin\Framework\DevExpress.ExpressApp.HtmlPropertyEditor.Web.v13.2.dll = C:\Program Files (x86)\DevExpress 13.2\Components\Bin\Framework\DevExpress.ExpressApp.HtmlPropertyEditor.Web.v13.2.dll
		C:\Program Files (x86)\DevExpress 13.2\Components\Bin\Framework\DevExpress.ExpressApp.HtmlPropertyEditor.Win.v13.2.dll = C:\Program Files (x86)\DevExpress 13.2\Components\Bin\Framework\DevExpress.ExpressApp.HtmlPropertyEditor.Win.v13.2.dll
		C:\Program Files (x86)\DevExpress 13.2\Components\Bin\Framework\DevExpress.ExpressApp.Images.v13.2.dll = C:\Program Files (x86)\DevExpress 13.2\Components\Bin\Framework\DevExpress.ExpressApp.Images.v13.2.dll
		C:\Program Files (x86)\DevExpress 13.2\Components\Bin\Framework\DevExpress.ExpressApp.Kpi.v13.2.dll = C:\Program Files (x86)\DevExpress 13.2\Components\Bin\Framework\DevExpress.ExpressApp.Kpi.v13.2.dll
		C:\Program Files (x86)\DevExpress 13.2\Components\Bin\Framework\DevExpress.ExpressApp.Objects.v13.2.dll = C:\Program Files (x86)\DevExpress 13.2\Components\Bin\Framework\DevExpress.ExpressApp.Objects.v13.2.dll
		C:\Program Files (x86)\DevExpress 13.2\Components\Bin\Framework\DevExpress.ExpressApp.PivotChart.v13.2.dll = C:\Program Files (x86)\DevExpress 13.2\Components\Bin\Framework\DevExpress.ExpressApp.PivotChart.v13.2.dll
		C:\Program Files (x86)\DevExpress 13.2\Components\Bin\Framework\DevExpress.ExpressApp.PivotChart.Web.Design.v13.2.dll = C:\Program Files (x86)\DevExpress 13.2\Components\Bin\Framework\DevExpress.ExpressApp.PivotChart.Web.Design.v13.2.dll
		C:\Program Files (x86)\DevExpress 13.2\Components\Bin\Framework\DevExpress.ExpressApp.PivotChart.Web.v13.2.dll = C:\Program Files (x86)\DevExpress 13.2\Components\Bin\Framework\DevExpress.ExpressApp.PivotChart.Web.v13.2.dll
		C:\Program Files (x86)\DevExpress 13.2\Components\Bin\Framework\DevExpress.ExpressApp.PivotChart.Win.v13.2.dll = C:\Program Files (x86)\DevExpress 13.2\Components\Bin\Framework\DevExpress.ExpressApp.PivotChart.Win.v13.2.dll
		C:\Program Files (x86)\DevExpress 13.2\Components\Bin\Framework\DevExpress.ExpressApp.PivotGrid.v13.2.dll = C:\Program Files (x86)\DevExpress 13.2\Components\Bin\Framework\DevExpress.ExpressApp.PivotGrid.v13.2.dll
		C:\Program Files (x86)\DevExpress 13.2\Components\Bin\Framework\DevExpress.ExpressApp.PivotGrid.Web.v13.2.dll = C:\Program Files (x86)\DevExpress 13.2\Components\Bin\Framework\DevExpress.ExpressApp.PivotGrid.Web.v13.2.dll
		C:\Program Files (x86)\DevExpress 13.2\Components\Bin\Framework\DevExpress.ExpressApp.PivotGrid.Win.v13.2.dll = C:\Program Files (x86)\DevExpress 13.2\Components\Bin\Framework\DevExpress.ExpressApp.PivotGrid.Win.v13.2.dll
		C:\Program Files (x86)\DevExpress 13.2\Components\Bin\Framework\DevExpress.ExpressApp.Reports.v13.2.dll = C:\Program Files (x86)\DevExpress 13.2\Components\Bin\Framework\DevExpress.ExpressApp.Reports.v13.2.dll
		C:\Program Files (x86)\DevExpress 13.2\Components\Bin\Framework\DevExpress.ExpressApp.Reports.Web.Design.v13.2.dll = C:\Program Files (x86)\DevExpress 13.2\Components\Bin\Framework\DevExpress.ExpressApp.Reports.Web.Design.v13.2.dll
		C:\Program Files (x86)\DevExpress 13.2\Components\Bin\Framework\DevExpress.ExpressApp.Reports.Web.v13.2.dll = C:\Program Files (x86)\DevExpress 13.2\Components\Bin\Framework\DevExpress.ExpressApp.Reports.Web.v13.2.dll
		C:\Program Files (x86)\DevExpress 13.2\Components\Bin\Framework\DevExpress.ExpressApp.Reports.Win.v13.2.dll = C:\Program Files (x86)\DevExpress 13.2\Components\Bin\Framework\DevExpress.ExpressApp.Reports.Win.v13.2.dll
		C:\Program Files (x86)\DevExpress 13.2\Components\Bin\Framework\DevExpress.ExpressApp.ReportsV2.v13.2.dll = C:\Program Files (x86)\DevExpress 13.2\Components\Bin\Framework\DevExpress.ExpressApp.ReportsV2.v13.2.dll
		C:\Program Files (x86)\DevExpress 13.2\Components\Bin\Framework\DevExpress.ExpressApp.ReportsV2.Web.v13.2.dll = C:\Program Files (x86)\DevExpress 13.2\Components\Bin\Framework\DevExpress.ExpressApp.ReportsV2.Web.v13.2.dll
		C:\Program Files (x86)\DevExpress 13.2\Components\Bin\Framework\DevExpress.ExpressApp.ReportsV2.Win.v13.2.dll = C:\Program Files (x86)\DevExpress 13.2\Components\Bin\Framework\DevExpress.ExpressApp.ReportsV2.Win.v13.2.dll
		C:\Program Files (x86)\DevExpress 13.2\Components\Bin\Framework\DevExpress.ExpressApp.Scheduler.v13.2.dll = C:\Program Files (x86)\DevExpress 13.2\Components\Bin\Framework\DevExpress.ExpressApp.Scheduler.v13.2.dll
		C:\Program Files (x86)\DevExpress 13.2\Components\Bin\Framework\DevExpress.ExpressApp.Scheduler.Web.Design.v13.2.dll = C:\Program Files (x86)\DevExpress 13.2\Components\Bin\Framework\DevExpress.ExpressApp.Scheduler.Web.Design.v13.2.dll
		C:\Program Files (x86)\DevExpress 13.2\Components\Bin\Framework\DevExpress.ExpressApp.Scheduler.Web.v13.2.dll = C:\Program Files (x86)\DevExpress 13.2\Components\Bin\Framework\DevExpress.ExpressApp.Scheduler.Web.v13.2.dll
		C:\Program Files (x86)\DevExpress 13.2\Components\Bin\Framework\DevExpress.ExpressApp.Scheduler.Win.v13.2.dll = C:\Program Files (x86)\DevExpress 13.2\Components\Bin\Framework\DevExpress.ExpressApp.Scheduler.Win.v13.2.dll
		C:\Program Files (x86)\DevExpress 13.2\Components\Bin\Framework\DevExpress.ExpressApp.ScriptRecorder.v13.2.dll = C:\Program Files (x86)\DevExpress 13.2\Components\Bin\Framework\DevExpress.ExpressApp.ScriptRecorder.v13.2.dll
		C:\Program Files (x86)\DevExpress 13.2\Components\Bin\Framework\DevExpress.ExpressApp.ScriptRecorder.Web.v13.2.dll = C:\Program Files (x86)\DevExpress 13.2\Components\Bin\Framework\DevExpress.ExpressApp.ScriptRecorder.Web.v13.2.dll
		C:\Program Files (x86)\DevExpress 13.2\Components\Bin\Framework\DevExpress.ExpressApp.ScriptRecorder.Win.v13.2.dll = C:\Program Files (x86)\DevExpress 13.2\Components\Bin\Framework\DevExpress.ExpressApp.ScriptRecorder.Win.v13.2.dll
		C:\Program Files (x86)\DevExpress 13.2\Components\Bin\Framework\DevExpress.ExpressApp.Security.v13.2.dll = C:\Program Files (x86)\DevExpress 13.2\Components\Bin\Framework\DevExpress.ExpressApp.Security.v13.2.dll
		C:\Program Files (x86)\DevExpress 13.2\Components\Bin\Framework\DevExpress.ExpressApp.StateMachine.v13.2.dll = C:\Program Files (x86)\DevExpress 13.2\Components\Bin\Framework\DevExpress.ExpressApp.StateMachine.v13.2.dll
		C:\Program Files (x86)\DevExpress 13.2\Components\Bin\Framework\DevExpress.ExpressApp.TreeListEditors.v13.2.dll = C:\Program Files (x86)\DevExpress 13.2\Components\Bin\Framework\DevExpress.ExpressApp.TreeListEditors.v13.2.dll
		C:\Program Files (x86)\DevExpress 13.2\Components\Bin\Framework\DevExpress.ExpressApp.TreeListEditors.Web.v13.2.dll = C:\Program Files (x86)\DevExpress 13.2\Components\Bin\Framework\DevExpress.ExpressApp.TreeListEditors.Web.v13.2.dll
		C:\Program Files (x86)\DevExpress 13.2\Components\Bin\Framework\DevExpress.ExpressApp.TreeListEditors.Win.v13.2.dll = C:\Program Files (x86)\DevExpress 13.2\Components\Bin\Framework\DevExpress.ExpressApp.TreeListEditors.Win.v13.2.dll
		C:\Program Files (x86)\DevExpress 13.2\Components\Bin\Framework\DevExpress.ExpressApp.v13.2.dll = C:\Program Files (x86)\DevExpress 13.2\Components\Bin\Framework\DevExpress.ExpressApp.v13.2.dll
		C:\Program Files (x86)\DevExpress 13.2\Components\Bin\Framework\DevExpress.ExpressApp.Validation.v13.2.dll = C:\Program Files (x86)\DevExpress 13.2\Components\Bin\Framework\DevExpress.ExpressApp.Validation.v13.2.dll
		C:\Program Files (x86)\DevExpress 13.2\Components\Bin\Framework\DevExpress.ExpressApp.Validation.Win.v13.2.dll = C:\Program Files (x86)\DevExpress 13.2\Components\Bin\Framework\DevExpress.ExpressApp.Validation.Win.v13.2.dll
		C:\Program Files (x86)\DevExpress 13.2\Components\Bin\Framework\DevExpress.ExpressApp.ViewVariantsModule.v13.2.dll = C:\Program Files (x86)\DevExpress 13.2\Components\Bin\Framework\DevExpress.ExpressApp.ViewVariantsModule.v13.2.dll
		C:\Program Files (x86)\DevExpress 13.2\Components\Bin\Framework\DevExpress.ExpressApp.Web.Design.v13.2.dll = C:\Program Files (x86)\DevExpress 13.2\Components\Bin\Framework\DevExpress.ExpressApp.Web.Design.v13.2.dll
		C:\Program Files (x86)\DevExpress 13.2\Components\Bin\Framework\DevExpress.ExpressApp.Web.v13.2.dll = C:\Program Files (x86)\DevExpress 13.2\Components\Bin\Framework\DevExpress.ExpressApp.Web.v13.2.dll
		C:\Program Files (x86)\DevExpress 13.2\Components\Bin\Framework\DevExpress.ExpressApp.Win.Design.v13.2.dll = C:\Program Files (x86)\DevExpress 13.2\Components\Bin\Framework\DevExpress.ExpressApp.Win.Design.v13.2.dll
		C:\Program Files (x86)\DevExpress 13.2\Components\Bin\Framework\DevExpress.ExpressApp.Win.v13.2.dll = C:\Program Files (x86)\DevExpress 13.2\Components\Bin\Framework\DevExpress.ExpressApp.Win.v13.2.dll
		C:\Program Files (x86)\DevExpress 13.2\Components\Bin\Framework\DevExpress.ExpressApp.Workflow.v13.2.dll = C:\Program Files (x86)\DevExpress 13.2\Components\Bin\Framework\DevExpress.ExpressApp.Workflow.v13.2.dll
		C:\Program Files (x86)\DevExpress 13.2\Components\Bin\Framework\DevExpress.ExpressApp.Workflow.Win.v13.2.dll = C:\Program Files (x86)\DevExpress 13.2\Components\Bin\Framework\DevExpress.ExpressApp.Workflow.Win.v13.2.dll
		C:\Program Files (x86)\DevExpress 13.2\Components\Bin\Framework\DevExpress.ExpressApp.Xpo.v13.2.dll = C:\Program Files (x86)\DevExpress 13.2\Components\Bin\Framework\DevExpress.ExpressApp.Xpo.v13.2.dll
		C:\Program Files (x86)\DevExpress 13.2\Components\Bin\Framework\DevExpress.Images.v13.2.dll = C:\Program Files (x86)\DevExpress 13.2\Components\Bin\Framework\DevExpress.Images.v13.2.dll
		C:\Program Files (x86)\DevExpress 13.2\Components\Bin\Framework\DevExpress.Map.v13.2.Core.dll = C:\Program Files (x86)\DevExpress 13.2\Components\Bin\Framework\DevExpress.Map.v13.2.Core.dll
		C:\Program Files (x86)\DevExpress 13.2\Components\Bin\Framework\DevExpress.Office.v13.2.Core.dll = C:\Program Files (x86)\DevExpress 13.2\Components\Bin\Framework\DevExpress.Office.v13.2.Core.dll
		C:\Program Files (x86)\DevExpress 13.2\Components\Bin\Framework\DevExpress.Pdf.v13.2.Core.dll = C:\Program Files (x86)\DevExpress 13.2\Components\Bin\Framework\DevExpress.Pdf.v13.2.Core.dll
		C:\Program Files (x86)\DevExpress 13.2\Components\Bin\Framework\DevExpress.Pdf.v13.2.Drawing.dll = C:\Program Files (x86)\DevExpress 13.2\Components\Bin\Framework\DevExpress.Pdf.v13.2.Drawing.dll
		C:\Program Files (x86)\DevExpress 13.2\Components\Bin\Framework\DevExpress.Persistent.Base.v13.2.dll = C:\Program Files (x86)\DevExpress 13.2\Components\Bin\Framework\DevExpress.Persistent.Base.v13.2.dll
		C:\Program Files (x86)\DevExpress 13.2\Components\Bin\Framework\DevExpress.Persistent.BaseImpl.v13.2.dll = C:\Program Files (x86)\DevExpress 13.2\Components\Bin\Framework\DevExpress.Persistent.BaseImpl.v13.2.dll
		C:\Program Files (x86)\DevExpress 13.2\Components\Bin\Framework\DevExpress.PivotGrid.v13.2.Core.dll = C:\Program Files (x86)\DevExpress 13.2\Components\Bin\Framework\DevExpress.PivotGrid.v13.2.Core.dll
		C:\Program Files (x86)\DevExpress 13.2\Components\Bin\Framework\DevExpress.Printing.v13.2.Core.dll = C:\Program Files (x86)\DevExpress 13.2\Components\Bin\Framework\DevExpress.Printing.v13.2.Core.dll
		C:\Program Files (x86)\DevExpress 13.2\Components\Bin\Framework\DevExpress.RichEdit.v13.2.Core.dll = C:\Program Files (x86)\DevExpress 13.2\Components\Bin\Framework\DevExpress.RichEdit.v13.2.Core.dll
		C:\Program Files (x86)\DevExpress 13.2\Components\Bin\Framework\DevExpress.SharePoint.2013.v13.2.dll = C:\Program Files (x86)\DevExpress 13.2\Components\Bin\Framework\DevExpress.SharePoint.2013.v13.2.dll
		C:\Program Files (x86)\DevExpress 13.2\Components\Bin\Framework\DevExpress.Snap.v13.2.Core.dll = C:\Program Files (x86)\DevExpress 13.2\Components\Bin\Framework\DevExpress.Snap.v13.2.Core.dll
		C:\Program Files (x86)\DevExpress 13.2\Components\Bin\Framework\DevExpress.Snap.v13.2.dll = C:\Program Files (x86)\DevExpress 13.2\Components\Bin\Framework\DevExpress.Snap.v13.2.dll
		C:\Program Files (x86)\DevExpress 13.2\Components\Bin\Framework\DevExpress.Snap.v13.2.Extensions.dll = C:\Program Files (x86)\DevExpress 13.2\Components\Bin\Framework\DevExpress.Snap.v13.2.Extensions.dll
		C:\Program Files (x86)\DevExpress 13.2\Components\Bin\Framework\DevExpress.Sparkline.v13.2.Core.dll = C:\Program Files (x86)\DevExpress 13.2\Components\Bin\Framework\DevExpress.Sparkline.v13.2.Core.dll
		C:\Program Files (x86)\DevExpress 13.2\Components\Bin\Framework\DevExpress.SpellChecker.v13.2.Core.dll = C:\Program Files (x86)\DevExpress 13.2\Components\Bin\Framework\DevExpress.SpellChecker.v13.2.Core.dll
		C:\Program Files (x86)\DevExpress 13.2\Components\Bin\Framework\DevExpress.Spreadsheet.v13.2.Core.dll = C:\Program Files (x86)\DevExpress 13.2\Components\Bin\Framework\DevExpress.Spreadsheet.v13.2.Core.dll
		C:\Program Files (x86)\DevExpress 13.2\Components\Bin\Framework\DevExpress.TouchSkins.v13.2.dll = C:\Program Files (x86)\DevExpress 13.2\Components\Bin\Framework\DevExpress.TouchSkins.v13.2.dll
		C:\Program Files (x86)\DevExpress 13.2\Components\Bin\Framework\DevExpress.Tutorials.v13.2.dll = C:\Program Files (x86)\DevExpress 13.2\Components\Bin\Framework\DevExpress.Tutorials.v13.2.dll
		C:\Program Files (x86)\DevExpress 13.2\Components\Bin\Framework\DevExpress.Utils.v13.2.dll = C:\Program Files (x86)\DevExpress 13.2\Components\Bin\Framework\DevExpress.Utils.v13.2.dll
		C:\Program Files (x86)\DevExpress 13.2\Components\Bin\Framework\DevExpress.Utils.v13.2.UI.dll = C:\Program Files (x86)\DevExpress 13.2\Components\Bin\Framework\DevExpress.Utils.v13.2.UI.dll
		C:\Program Files (x86)\DevExpress 13.2\Components\Bin\Framework\DevExpress.Web.ASPxGauges.v13.2.dll = C:\Program Files (x86)\DevExpress 13.2\Components\Bin\Framework\DevExpress.Web.ASPxGauges.v13.2.dll
		C:\Program Files (x86)\DevExpress 13.2\Components\Bin\Framework\DevExpress.Web.ASPxHtmlEditor.v13.2.dll = C:\Program Files (x86)\DevExpress 13.2\Components\Bin\Framework\DevExpress.Web.ASPxHtmlEditor.v13.2.dll
		C:\Program Files (x86)\DevExpress 13.2\Components\Bin\Framework\DevExpress.Web.ASPxPivotGrid.v13.2.dll = C:\Program Files (x86)\DevExpress 13.2\Components\Bin\Framework\DevExpress.Web.ASPxPivotGrid.v13.2.dll
		C:\Program Files (x86)\DevExpress 13.2\Components\Bin\Framework\DevExpress.Web.ASPxScheduler.v13.2.dll = C:\Program Files (x86)\DevExpress 13.2\Components\Bin\Framework\DevExpress.Web.ASPxScheduler.v13.2.dll
		C:\Program Files (x86)\DevExpress 13.2\Components\Bin\Framework\DevExpress.Web.ASPxSpellChecker.v13.2.dll = C:\Program Files (x86)\DevExpress 13.2\Components\Bin\Framework\DevExpress.Web.ASPxSpellChecker.v13.2.dll
		C:\Program Files (x86)\DevExpress 13.2\Components\Bin\Framework\DevExpress.Web.ASPxSpreadsheet.v13.2.dll = C:\Program Files (x86)\DevExpress 13.2\Components\Bin\Framework\DevExpress.Web.ASPxSpreadsheet.v13.2.dll
		C:\Program Files (x86)\DevExpress 13.2\Components\Bin\Framework\DevExpress.Web.ASPxThemes.v13.2.dll = C:\Program Files (x86)\DevExpress 13.2\Components\Bin\Framework\DevExpress.Web.ASPxThemes.v13.2.dll
		C:\Program Files (x86)\DevExpress 13.2\Components\Bin\Framework\DevExpress.Web.ASPxTreeList.v13.2.dll = C:\Program Files (x86)\DevExpress 13.2\Components\Bin\Framework\DevExpress.Web.ASPxTreeList.v13.2.dll
		C:\Program Files (x86)\DevExpress 13.2\Components\Bin\Framework\DevExpress.Web.Mvc.v13.2.dll = C:\Program Files (x86)\DevExpress 13.2\Components\Bin\Framework\DevExpress.Web.Mvc.v13.2.dll
		C:\Program Files (x86)\DevExpress 13.2\Components\Bin\Framework\DevExpress.Web.Mvc5.v13.2.dll = C:\Program Files (x86)\DevExpress 13.2\Components\Bin\Framework\DevExpress.Web.Mvc5.v13.2.dll
		C:\Program Files (x86)\DevExpress 13.2\Components\Bin\Framework\DevExpress.Web.v13.2.dll = C:\Program Files (x86)\DevExpress 13.2\Components\Bin\Framework\DevExpress.Web.v13.2.dll
		C:\Program Files (x86)\DevExpress 13.2\Components\Bin\Framework\DevExpress.Workflow.Activities.v13.2.Design.dll = C:\Program Files (x86)\DevExpress 13.2\Components\Bin\Framework\DevExpress.Workflow.Activities.v13.2.Design.dll
		C:\Program Files (x86)\DevExpress 13.2\Components\Bin\Framework\DevExpress.Workflow.Activities.v13.2.dll = C:\Program Files (x86)\DevExpress 13.2\Components\Bin\Framework\DevExpress.Workflow.Activities.v13.2.dll
		C:\Program Files (x86)\DevExpress 13.2\Components\Bin\Framework\DevExpress.Workflow.ToolBoxPackage.v13.2.dll = C:\Program Files (x86)\DevExpress 13.2\Components\Bin\Framework\DevExpress.Workflow.ToolBoxPackage.v13.2.dll
		C:\Program Files (x86)\DevExpress 13.2\Components\Bin\Framework\DevExpress.Xpf.Carousel.v13.2.dll = C:\Program Files (x86)\DevExpress 13.2\Components\Bin\Framework\DevExpress.Xpf.Carousel.v13.2.dll
		C:\Program Files (x86)\DevExpress 13.2\Components\Bin\Framework\DevExpress.Xpf.Charts.v13.2.dll = C:\Program Files (x86)\DevExpress 13.2\Components\Bin\Framework\DevExpress.Xpf.Charts.v13.2.dll
		C:\Program Files (x86)\DevExpress 13.2\Components\Bin\Framework\DevExpress.Xpf.Controls.v13.2.dll = C:\Program Files (x86)\DevExpress 13.2\Components\Bin\Framework\DevExpress.Xpf.Controls.v13.2.dll
		C:\Program Files (x86)\DevExpress 13.2\Components\Bin\Framework\DevExpress.Xpf.Core.v13.2.dll = C:\Program Files (x86)\DevExpress 13.2\Components\Bin\Framework\DevExpress.Xpf.Core.v13.2.dll
		C:\Program Files (x86)\DevExpress 13.2\Components\Bin\Framework\DevExpress.Xpf.Core.v13.2.Extensions.dll = C:\Program Files (x86)\DevExpress 13.2\Components\Bin\Framework\DevExpress.Xpf.Core.v13.2.Extensions.dll
		C:\Program Files (x86)\DevExpress 13.2\Components\Bin\Framework\DevExpress.Xpf.DemoBase.v13.2.dll = C:\Program Files (x86)\DevExpress 13.2\Components\Bin\Framework\DevExpress.Xpf.DemoBase.v13.2.dll
		C:\Program Files (x86)\DevExpress 13.2\Components\Bin\Framework\DevExpress.Xpf.DemoBase.v13.2.TestUtils.dll = C:\Program Files (x86)\DevExpress 13.2\Components\Bin\Framework\DevExpress.Xpf.DemoBase.v13.2.TestUtils.dll
		C:\Program Files (x86)\DevExpress 13.2\Components\Bin\Framework\DevExpress.Xpf.DemoBase.v13.2.Web.dll = C:\Program Files (x86)\DevExpress 13.2\Components\Bin\Framework\DevExpress.Xpf.DemoBase.v13.2.Web.dll
		C:\Program Files (x86)\DevExpress 13.2\Components\Bin\Framework\DevExpress.Xpf.Docking.v13.2.dll = C:\Program Files (x86)\DevExpress 13.2\Components\Bin\Framework\DevExpress.Xpf.Docking.v13.2.dll
		C:\Program Files (x86)\DevExpress 13.2\Components\Bin\Framework\DevExpress.Xpf.Gauges.v13.2.dll = C:\Program Files (x86)\DevExpress 13.2\Components\Bin\Framework\DevExpress.Xpf.Gauges.v13.2.dll
		C:\Program Files (x86)\DevExpress 13.2\Components\Bin\Framework\DevExpress.Xpf.Grid.v13.2.Core.dll = C:\Program Files (x86)\DevExpress 13.2\Components\Bin\Framework\DevExpress.Xpf.Grid.v13.2.Core.dll
		C:\Program Files (x86)\DevExpress 13.2\Components\Bin\Framework\DevExpress.Xpf.Grid.v13.2.dll = C:\Program Files (x86)\DevExpress 13.2\Components\Bin\Framework\DevExpress.Xpf.Grid.v13.2.dll
		C:\Program Files (x86)\DevExpress 13.2\Components\Bin\Framework\DevExpress.Xpf.Grid.v13.2.Extensions.dll = C:\Program Files (x86)\DevExpress 13.2\Components\Bin\Framework\DevExpress.Xpf.Grid.v13.2.Extensions.dll
		C:\Program Files (x86)\DevExpress 13.2\Components\Bin\Framework\DevExpress.Xpf.Layout.v13.2.Core.dll = C:\Program Files (x86)\DevExpress 13.2\Components\Bin\Framework\DevExpress.Xpf.Layout.v13.2.Core.dll
		C:\Program Files (x86)\DevExpress 13.2\Components\Bin\Framework\DevExpress.Xpf.LayoutControl.v13.2.dll = C:\Program Files (x86)\DevExpress 13.2\Components\Bin\Framework\DevExpress.Xpf.LayoutControl.v13.2.dll
		C:\Program Files (x86)\DevExpress 13.2\Components\Bin\Framework\DevExpress.Xpf.Map.v13.2.dll = C:\Program Files (x86)\DevExpress 13.2\Components\Bin\Framework\DevExpress.Xpf.Map.v13.2.dll
		C:\Program Files (x86)\DevExpress 13.2\Components\Bin\Framework\DevExpress.Xpf.Mvvm.v13.2.dll = C:\Program Files (x86)\DevExpress 13.2\Components\Bin\Framework\DevExpress.Xpf.Mvvm.v13.2.dll
		C:\Program Files (x86)\DevExpress 13.2\Components\Bin\Framework\DevExpress.Xpf.NavBar.v13.2.dll = C:\Program Files (x86)\DevExpress 13.2\Components\Bin\Framework\DevExpress.Xpf.NavBar.v13.2.dll
		C:\Program Files (x86)\DevExpress 13.2\Components\Bin\Framework\DevExpress.Xpf.PdfViewer.v13.2.dll = C:\Program Files (x86)\DevExpress 13.2\Components\Bin\Framework\DevExpress.Xpf.PdfViewer.v13.2.dll
		C:\Program Files (x86)\DevExpress 13.2\Components\Bin\Framework\DevExpress.Xpf.PivotGrid.v13.2.dll = C:\Program Files (x86)\DevExpress 13.2\Components\Bin\Framework\DevExpress.Xpf.PivotGrid.v13.2.dll
		C:\Program Files (x86)\DevExpress 13.2\Components\Bin\Framework\DevExpress.Xpf.Printing.v13.2.dll = C:\Program Files (x86)\DevExpress 13.2\Components\Bin\Framework\DevExpress.Xpf.Printing.v13.2.dll
		C:\Program Files (x86)\DevExpress 13.2\Components\Bin\Framework\DevExpress.Xpf.Printing.v13.2.Service.dll = C:\Program Files (x86)\DevExpress 13.2\Components\Bin\Framework\DevExpress.Xpf.Printing.v13.2.Service.dll
		C:\Program Files (x86)\DevExpress 13.2\Components\Bin\Framework\DevExpress.Xpf.PropertyGrid.v13.2.dll = C:\Program Files (x86)\DevExpress 13.2\Components\Bin\Framework\DevExpress.Xpf.PropertyGrid.v13.2.dll
		C:\Program Files (x86)\DevExpress 13.2\Components\Bin\Framework\DevExpress.Xpf.ReportDesigner.v13.2.dll = C:\Program Files (x86)\DevExpress 13.2\Components\Bin\Framework\DevExpress.Xpf.ReportDesigner.v13.2.dll
		C:\Program Files (x86)\DevExpress 13.2\Components\Bin\Framework\DevExpress.Xpf.Ribbon.v13.2.dll = C:\Program Files (x86)\DevExpress 13.2\Components\Bin\Framework\DevExpress.Xpf.Ribbon.v13.2.dll
		C:\Program Files (x86)\DevExpress 13.2\Components\Bin\Framework\DevExpress.Xpf.RichEdit.v13.2.dll = C:\Program Files (x86)\DevExpress 13.2\Components\Bin\Framework\DevExpress.Xpf.RichEdit.v13.2.dll
		C:\Program Files (x86)\DevExpress 13.2\Components\Bin\Framework\DevExpress.Xpf.Scheduler.v13.2.dll = C:\Program Files (x86)\DevExpress 13.2\Components\Bin\Framework\DevExpress.Xpf.Scheduler.v13.2.dll
		C:\Program Files (x86)\DevExpress 13.2\Components\Bin\Framework\DevExpress.Xpf.SpellChecker.v13.2.dll = C:\Program Files (x86)\DevExpress 13.2\Components\Bin\Framework\DevExpress.Xpf.SpellChecker.v13.2.dll
		C:\Program Files (x86)\DevExpress 13.2\Components\Bin\Framework\DevExpress.Xpf.Spreadsheet.v13.2.dll = C:\Program Files (x86)\DevExpress 13.2\Components\Bin\Framework\DevExpress.Xpf.Spreadsheet.v13.2.dll
		C:\Program Files (x86)\DevExpress 13.2\Components\Bin\Framework\DevExpress.Xpf.Themes.DXStyle.v13.2.dll = C:\Program Files (x86)\DevExpress 13.2\Components\Bin\Framework\DevExpress.Xpf.Themes.DXStyle.v13.2.dll
		C:\Program Files (x86)\DevExpress 13.2\Components\Bin\Framework\DevExpress.Xpf.Themes.LightGray.v13.2.dll = C:\Program Files (x86)\DevExpress 13.2\Components\Bin\Framework\DevExpress.Xpf.Themes.LightGray.v13.2.dll
		C:\Program Files (x86)\DevExpress 13.2\Components\Bin\Framework\DevExpress.Xpf.Themes.MetropolisDark.v13.2.dll = C:\Program Files (x86)\DevExpress 13.2\Components\Bin\Framework\DevExpress.Xpf.Themes.MetropolisDark.v13.2.dll
		C:\Program Files (x86)\DevExpress 13.2\Components\Bin\Framework\DevExpress.Xpf.Themes.MetropolisLight.v13.2.dll = C:\Program Files (x86)\DevExpress 13.2\Components\Bin\Framework\DevExpress.Xpf.Themes.MetropolisLight.v13.2.dll
		C:\Program Files (x86)\DevExpress 13.2\Components\Bin\Framework\DevExpress.Xpf.Themes.Office2007Black.v13.2.dll = C:\Program Files (x86)\DevExpress 13.2\Components\Bin\Framework\DevExpress.Xpf.Themes.Office2007Black.v13.2.dll
		C:\Program Files (x86)\DevExpress 13.2\Components\Bin\Framework\DevExpress.Xpf.Themes.Office2007Blue.v13.2.dll = C:\Program Files (x86)\DevExpress 13.2\Components\Bin\Framework\DevExpress.Xpf.Themes.Office2007Blue.v13.2.dll
		C:\Program Files (x86)\DevExpress 13.2\Components\Bin\Framework\DevExpress.Xpf.Themes.Office2007Silver.v13.2.dll = C:\Program Files (x86)\DevExpress 13.2\Components\Bin\Framework\DevExpress.Xpf.Themes.Office2007Silver.v13.2.dll
		C:\Program Files (x86)\DevExpress 13.2\Components\Bin\Framework\DevExpress.Xpf.Themes.Office2010Black.v13.2.dll = C:\Program Files (x86)\DevExpress 13.2\Components\Bin\Framework\DevExpress.Xpf.Themes.Office2010Black.v13.2.dll
		C:\Program Files (x86)\DevExpress 13.2\Components\Bin\Framework\DevExpress.Xpf.Themes.Office2010Blue.v13.2.dll = C:\Program Files (x86)\DevExpress 13.2\Components\Bin\Framework\DevExpress.Xpf.Themes.Office2010Blue.v13.2.dll
		C:\Program Files (x86)\DevExpress 13.2\Components\Bin\Framework\DevExpress.Xpf.Themes.Office2010Silver.v13.2.dll = C:\Program Files (x86)\DevExpress 13.2\Components\Bin\Framework\DevExpress.Xpf.Themes.Office2010Silver.v13.2.dll
		C:\Program Files (x86)\DevExpress 13.2\Components\Bin\Framework\DevExpress.Xpf.Themes.Office2013.v13.2.dll = C:\Program Files (x86)\DevExpress 13.2\Components\Bin\Framework\DevExpress.Xpf.Themes.Office2013.v13.2.dll
		C:\Program Files (x86)\DevExpress 13.2\Components\Bin\Framework\DevExpress.Xpf.Themes.Office2013DarkGray.v13.2.dll = C:\Program Files (x86)\DevExpress 13.2\Components\Bin\Framework\DevExpress.Xpf.Themes.Office2013DarkGray.v13.2.dll
		C:\Program Files (x86)\DevExpress 13.2\Components\Bin\Framework\DevExpress.Xpf.Themes.Office2013LightGray.v13.2.dll = C:\Program Files (x86)\DevExpress 13.2\Components\Bin\Framework\DevExpress.Xpf.Themes.Office2013LightGray.v13.2.dll
		C:\Program Files (x86)\DevExpress 13.2\Components\Bin\Framework\DevExpress.Xpf.Themes.Seven.v13.2.dll = C:\Program Files (x86)\DevExpress 13.2\Components\Bin\Framework\DevExpress.Xpf.Themes.Seven.v13.2.dll
		C:\Program Files (x86)\DevExpress 13.2\Components\Bin\Framework\DevExpress.Xpf.Themes.TouchlineDark.v13.2.dll = C:\Program Files (x86)\DevExpress 13.2\Components\Bin\Framework\DevExpress.Xpf.Themes.TouchlineDark.v13.2.dll
		C:\Program Files (x86)\DevExpress 13.2\Components\Bin\Framework\DevExpress.Xpf.Themes.VS2010.v13.2.dll = C:\Program Files (x86)\DevExpress 13.2\Components\Bin\Framework\DevExpress.Xpf.Themes.VS2010.v13.2.dll
		C:\Program Files (x86)\DevExpress 13.2\Components\Bin\Framework\DevExpress.Xpo.v13.2.dll = C:\Program Files (x86)\DevExpress 13.2\Components\Bin\Framework\DevExpress.Xpo.v13.2.dll
		C:\Program Files (x86)\DevExpress 13.2\Components\Bin\Framework\DevExpress.Xpo.v13.2.Extensions.dll = C:\Program Files (x86)\DevExpress 13.2\Components\Bin\Framework\DevExpress.Xpo.v13.2.Extensions.dll
		C:\Program Files (x86)\DevExpress 13.2\Components\Bin\Framework\DevExpress.Xpo.v13.2.Extensions.Wcf.5.02.dll = C:\Program Files (x86)\DevExpress 13.2\Components\Bin\Framework\DevExpress.Xpo.v13.2.Extensions.Wcf.5.02.dll
		C:\Program Files (x86)\DevExpress 13.2\Components\Bin\Framework\DevExpress.Xpo.v13.2.Extensions.Wcf.5.1.dll = C:\Program Files (x86)\DevExpress 13.2\Components\Bin\Framework\DevExpress.Xpo.v13.2.Extensions.Wcf.5.1.dll
		C:\Program Files (x86)\DevExpress 13.2\Components\Bin\Framework\DevExpress.Xpo.v13.2.Extensions.Wcf.5.2.dll = C:\Program Files (x86)\DevExpress 13.2\Components\Bin\Framework\DevExpress.Xpo.v13.2.Extensions.Wcf.5.2.dll
		C:\Program Files (x86)\DevExpress 13.2\Components\Bin\Framework\DevExpress.Xpo.v13.2.Extensions.Wcf.5.3.dll = C:\Program Files (x86)\DevExpress 13.2\Components\Bin\Framework\DevExpress.Xpo.v13.2.Extensions.Wcf.5.3.dll
		C:\Program Files (x86)\DevExpress 13.2\Components\Bin\Framework\DevExpress.Xpo.v13.2.Extensions.Wcf.5.4.dll = C:\Program Files (x86)\DevExpress 13.2\Components\Bin\Framework\DevExpress.Xpo.v13.2.Extensions.Wcf.5.4.dll
		C:\Program Files (x86)\DevExpress 13.2\Components\Bin\Framework\DevExpress.Xpo.v13.2.Extensions.Wcf.5.5.dll = C:\Program Files (x86)\DevExpress 13.2\Components\Bin\Framework\DevExpress.Xpo.v13.2.Extensions.Wcf.5.5.dll
		C:\Program Files (x86)\DevExpress 13.2\Components\Bin\Framework\DevExpress.Xpo.v13.2.Extensions.Wcf.5.6.dll = C:\Program Files (x86)\DevExpress 13.2\Components\Bin\Framework\DevExpress.Xpo.v13.2.Extensions.Wcf.5.6.dll
		C:\Program Files (x86)\DevExpress 13.2\Components\Bin\Framework\DevExpress.Xpo.v13.2.Web.dll = C:\Program Files (x86)\DevExpress 13.2\Components\Bin\Framework\DevExpress.Xpo.v13.2.Web.dll
		C:\Program Files (x86)\DevExpress 13.2\Components\Bin\Framework\DevExpress.XtraBars.v13.2.dll = C:\Program Files (x86)\DevExpress 13.2\Components\Bin\Framework\DevExpress.XtraBars.v13.2.dll
		C:\Program Files (x86)\DevExpress 13.2\Components\Bin\Framework\DevExpress.XtraCharts.v13.2.dll = C:\Program Files (x86)\DevExpress 13.2\Components\Bin\Framework\DevExpress.XtraCharts.v13.2.dll
		C:\Program Files (x86)\DevExpress 13.2\Components\Bin\Framework\DevExpress.XtraCharts.v13.2.Extensions.dll = C:\Program Files (x86)\DevExpress 13.2\Components\Bin\Framework\DevExpress.XtraCharts.v13.2.Extensions.dll
		C:\Program Files (x86)\DevExpress 13.2\Components\Bin\Framework\DevExpress.XtraCharts.v13.2.UI.dll = C:\Program Files (x86)\DevExpress 13.2\Components\Bin\Framework\DevExpress.XtraCharts.v13.2.UI.dll
		C:\Program Files (x86)\DevExpress 13.2\Components\Bin\Framework\DevExpress.XtraCharts.v13.2.Web.dll = C:\Program Files (x86)\DevExpress 13.2\Components\Bin\Framework\DevExpress.XtraCharts.v13.2.Web.dll
		C:\Program Files (x86)\DevExpress 13.2\Components\Bin\Framework\DevExpress.XtraCharts.v13.2.Wizard.dll = C:\Program Files (x86)\DevExpress 13.2\Components\Bin\Framework\DevExpress.XtraCharts.v13.2.Wizard.dll
		C:\Program Files (x86)\DevExpress 13.2\Components\Bin\Framework\DevExpress.XtraEditors.v13.2.dll = C:\Program Files (x86)\DevExpress 13.2\Components\Bin\Framework\DevExpress.XtraEditors.v13.2.dll
		C:\Program Files (x86)\DevExpress 13.2\Components\Bin\Framework\DevExpress.XtraGauges.v13.2.Core.dll = C:\Program Files (x86)\DevExpress 13.2\Components\Bin\Framework\DevExpress.XtraGauges.v13.2.Core.dll
		C:\Program Files (x86)\DevExpress 13.2\Components\Bin\Framework\DevExpress.XtraGauges.v13.2.Presets.dll = C:\Program Files (x86)\DevExpress 13.2\Components\Bin\Framework\DevExpress.XtraGauges.v13.2.Presets.dll
		C:\Program Files (x86)\DevExpress 13.2\Components\Bin\Framework\DevExpress.XtraGauges.v13.2.Win.dll = C:\Program Files (x86)\DevExpress 13.2\Components\Bin\Framework\DevExpress.XtraGauges.v13.2.Win.dll
		C:\Program Files (x86)\DevExpress 13.2\Components\Bin\Framework\DevExpress.XtraGrid.v13.2.dll = C:\Program Files (x86)\DevExpress 13.2\Components\Bin\Framework\DevExpress.XtraGrid.v13.2.dll
		C:\Program Files (x86)\DevExpress 13.2\Components\Bin\Framework\DevExpress.XtraLayout.v13.2.dll = C:\Program Files (x86)\DevExpress 13.2\Components\Bin\Framework\DevExpress.XtraLayout.v13.2.dll
		C:\Program Files (x86)\DevExpress 13.2\Components\Bin\Framework\DevExpress.XtraMap.v13.2.dll = C:\Program Files (x86)\DevExpress 13.2\Components\Bin\Framework\DevExpress.XtraMap.v13.2.dll
		C:\Program Files (x86)\DevExpress 13.2\Components\Bin\Framework\DevExpress.XtraNavBar.v13.2.dll = C:\Program Files (x86)\DevExpress 13.2\Components\Bin\Framework\DevExpress.XtraNavBar.v13.2.dll
		C:\Program Files (x86)\DevExpress 13.2\Components\Bin\Framework\DevExpress.XtraPdfViewer.v13.2.dll = C:\Program Files (x86)\DevExpress 13.2\Components\Bin\Framework\DevExpress.XtraPdfViewer.v13.2.dll
		C:\Program Files (x86)\DevExpress 13.2\Components\Bin\Framework\DevExpress.XtraPivotGrid.v13.2.dll = C:\Program Files (x86)\DevExpress 13.2\Components\Bin\Framework\DevExpress.XtraPivotGrid.v13.2.dll
		C:\Program Files (x86)\DevExpress 13.2\Components\Bin\Framework\DevExpress.XtraPrinting.v13.2.dll = C:\Program Files (x86)\DevExpress 13.2\Components\Bin\Framework\DevExpress.XtraPrinting.v13.2.dll
		C:\Program Files (x86)\DevExpress 13.2\Components\Bin\Framework\DevExpress.XtraReports.v13.2.dll = C:\Program Files (x86)\DevExpress 13.2\Components\Bin\Framework\DevExpress.XtraReports.v13.2.dll
		C:\Program Files (x86)\DevExpress 13.2\Components\Bin\Framework\DevExpress.XtraReports.v13.2.Extensions.dll = C:\Program Files (x86)\DevExpress 13.2\Components\Bin\Framework\DevExpress.XtraReports.v13.2.Extensions.dll
		C:\Program Files (x86)\DevExpress 13.2\Components\Bin\Framework\DevExpress.XtraReports.v13.2.LightSwitch.Design.dll = C:\Program Files (x86)\DevExpress 13.2\Components\Bin\Framework\DevExpress.XtraReports.v13.2.LightSwitch.Design.dll
		C:\Program Files (x86)\DevExpress 13.2\Components\Bin\Framework\DevExpress.XtraReports.v13.2.LightSwitch.Server.dll = C:\Program Files (x86)\DevExpress 13.2\Components\Bin\Framework\DevExpress.XtraReports.v13.2.LightSwitch.Server.dll
		C:\Program Files (x86)\DevExpress 13.2\Components\Bin\Framework\DevExpress.XtraReports.v13.2.Service.dll = C:\Program Files (x86)\DevExpress 13.2\Components\Bin\Framework\DevExpress.XtraReports.v13.2.Service.dll
		C:\Program Files (x86)\DevExpress 13.2\Components\Bin\Framework\DevExpress.XtraReports.v13.2.Web.dll = C:\Program Files (x86)\DevExpress 13.2\Components\Bin\Framework\DevExpress.XtraReports.v13.2.Web.dll
		C:\Program Files (x86)\DevExpress 13.2\Components\Bin\Framework\DevExpress.XtraRichEdit.v13.2.dll = C:\Program Files (x86)\DevExpress 13.2\Components\Bin\Framework\DevExpress.XtraRichEdit.v13.2.dll
		C:\Program Files (x86)\DevExpress 13.2\Components\Bin\Framework\DevExpress.XtraRichEdit.v13.2.Extensions.dll = C:\Program Files (x86)\DevExpress 13.2\Components\Bin\Framework\DevExpress.XtraRichEdit.v13.2.Extensions.dll
		C:\Program Files (x86)\DevExpress 13.2\Components\Bin\Framework\DevExpress.XtraScheduler.v13.2.Core.dll = C:\Program Files (x86)\DevExpress 13.2\Components\Bin\Framework\DevExpress.XtraScheduler.v13.2.Core.dll
		C:\Program Files (x86)\DevExpress 13.2\Components\Bin\Framework\DevExpress.XtraScheduler.v13.2.dll = C:\Program Files (x86)\DevExpress 13.2\Components\Bin\Framework\DevExpress.XtraScheduler.v13.2.dll
		C:\Program Files (x86)\DevExpress 13.2\Components\Bin\Framework\DevExpress.XtraScheduler.v13.2.Extensions.dll = C:\Program Files (x86)\DevExpress 13.2\Components\Bin\Framework\DevExpress.XtraScheduler.v13.2.Extensions.dll
		C:\Program Files (x86)\DevExpress 13.2\Components\Bin\Framework\DevExpress.XtraScheduler.v13.2.iCalendarExchange.dll = C:\Program Files (x86)\DevExpress 13.2\Components\Bin\Framework\DevExpress.XtraScheduler.v13.2.iCalendarExchange.dll
		C:\Program Files (x86)\DevExpress 13.2\Components\Bin\Framework\DevExpress.XtraScheduler.v13.2.OutlookExchange.dll = C:\Program Files (x86)\DevExpress 13.2\Components\Bin\Framework\DevExpress.XtraScheduler.v13.2.OutlookExchange.dll
		C:\Program Files (x86)\DevExpress 13.2\Components\Bin\Framework\DevExpress.XtraScheduler.v13.2.Reporting.dll = C:\Program Files (x86)\DevExpress 13.2\Components\Bin\Framework\DevExpress.XtraScheduler.v13.2.Reporting.dll
		C:\Program Files (x86)\DevExpress 13.2\Components\Bin\Framework\DevExpress.XtraScheduler.v13.2.Reporting.Extensions.dll = C:\Program Files (x86)\DevExpress 13.2\Components\Bin\Framework\DevExpress.XtraScheduler.v13.2.Reporting.Extensions.dll
		C:\Program Files (x86)\DevExpress 13.2\Components\Bin\Framework\DevExpress.XtraScheduler.v13.2.VCalendarExchange.dll = C:\Program Files (x86)\DevExpress 13.2\Components\Bin\Framework\DevExpress.XtraScheduler.v13.2.VCalendarExchange.dll
		C:\Program Files (x86)\DevExpress 13.2\Components\Bin\Framework\DevExpress.XtraSpellChecker.v13.2.dll = C:\Program Files (x86)\DevExpress 13.2\Components\Bin\Framework\DevExpress.XtraSpellChecker.v13.2.dll
		C:\Program Files (x86)\DevExpress 13.2\Components\Bin\Framework\DevExpress.XtraSpreadsheet.v13.2.dll = C:\Program Files (x86)\DevExpress 13.2\Components\Bin\Framework\DevExpress.XtraSpreadsheet.v13.2.dll
		C:\Program Files (x86)\DevExpress 13.2\Components\Bin\Framework\DevExpress.XtraTreeList.v13.2.dll = C:\Program Files (x86)\DevExpress 13.2\Components\Bin\Framework\DevExpress.XtraTreeList.v13.2.dll
		C:\Program Files (x86)\DevExpress 13.2\Components\Bin\Framework\DevExpress.XtraVerticalGrid.v13.2.dll = C:\Program Files (x86)\DevExpress 13.2\Components\Bin\Framework\DevExpress.XtraVerticalGrid.v13.2.dll
		C:\Program Files (x86)\DevExpress 13.2\Components\Bin\Framework\DevExpress.XtraWizard.v13.2.dll = C:\Program Files (x86)\DevExpress 13.2\Components\Bin\Framework\DevExpress.XtraWizard.v13.2.dll
		Dll\iclickpro.AccessCommon.dll = Dll\iclickpro.AccessCommon.dll
		Dll\log4net.dll = Dll\log4net.dll
		Dll\MySql.Data.dll = Dll\MySql.Data.dll
		Dll\NetServ.Net.Json.dll = Dll\NetServ.Net.Json.dll
		Dll\Newtonsoft.Json.dll = Dll\Newtonsoft.Json.dll
		Dll\ServiceStack.Common.dll = Dll\ServiceStack.Common.dll
		Dll\ServiceStack.Interfaces.dll = Dll\ServiceStack.Interfaces.dll
		Dll\ServiceStack.Redis.dll = Dll\ServiceStack.Redis.dll
		Dll\ServiceStack.Text.dll = Dll\ServiceStack.Text.dll
		C:\Program Files (x86)\DevExpress 13.2\Components\Bin\Framework\System.Windows.Interactivity.dll = C:\Program Files (x86)\DevExpress 13.2\Components\Bin\Framework\System.Windows.Interactivity.dll
		Dll\TopSdk.dll = Dll\TopSdk.dll
		Dll\WeifenLuo.WinFormsUI.Docking.dll = Dll\WeifenLuo.WinFormsUI.Docking.dll
	EndProjectSection
EndProject
Global
	GlobalSection(SolutionConfigurationPlatforms) = preSolution
		Debug|Any CPU = Debug|Any CPU
		Debug|Mixed Platforms = Debug|Mixed Platforms
		Debug|x86 = Debug|x86
		Release|Any CPU = Release|Any CPU
		Release|Mixed Platforms = Release|Mixed Platforms
		Release|x86 = Release|x86
	EndGlobalSection
	GlobalSection(ProjectConfigurationPlatforms) = postSolution
		{FB5FACE1-E412-4944-AE1B-32A8C12A343F}.Debug|Any CPU.ActiveCfg = Debug|x86
		{FB5FACE1-E412-4944-AE1B-32A8C12A343F}.Debug|Mixed Platforms.ActiveCfg = Debug|x86
		{FB5FACE1-E412-4944-AE1B-32A8C12A343F}.Debug|Mixed Platforms.Build.0 = Debug|x86
		{FB5FACE1-E412-4944-AE1B-32A8C12A343F}.Debug|x86.ActiveCfg = Debug|x86
		{FB5FACE1-E412-4944-AE1B-32A8C12A343F}.Debug|x86.Build.0 = Debug|x86
		{FB5FACE1-E412-4944-AE1B-32A8C12A343F}.Release|Any CPU.ActiveCfg = Release|x86
		{FB5FACE1-E412-4944-AE1B-32A8C12A343F}.Release|Mixed Platforms.ActiveCfg = Release|x86
		{FB5FACE1-E412-4944-AE1B-32A8C12A343F}.Release|Mixed Platforms.Build.0 = Release|x86
		{FB5FACE1-E412-4944-AE1B-32A8C12A343F}.Release|x86.ActiveCfg = Release|x86
		{FB5FACE1-E412-4944-AE1B-32A8C12A343F}.Release|x86.Build.0 = Release|x86
	EndGlobalSection
	GlobalSection(SolutionProperties) = preSolution
		HideSolutionNode = FALSE
	EndGlobalSection
EndGlobal
