
Microsoft Visual Studio Solution File, Format Version 11.00
# Visual Studio 2010
Project("{FAE04EC0-301F-11D3-BF4B-00C04F79EFBC}") = "TaoBaoDataServer.WinClientData", "TaoBaoDataServer.WinClientData\TaoBaoDataServer.WinClientData.csproj", "{FB5FACE1-E412-4944-AE1B-32A8C12A343F}"
EndProject
Project("{2150E333-8FDC-42A3-9474-1A3956D46DE8}") = "DLL", "DLL", "{ADADD7CC-11F3-4536-916A-7F520868035C}"
	ProjectSection(SolutionItems) = preProject
		Dll\iclickpro.AccessCommon.dll = Dll\iclickpro.AccessCommon.dll
		Dll\log4net.dll = Dll\log4net.dll
		Dll\MySql.Data.dll = Dll\MySql.Data.dll
		Dll\NetServ.Net.Json.dll = Dll\NetServ.Net.Json.dll
		Dll\Newtonsoft.Json.dll = Dll\Newtonsoft.Json.dll
		Dll\ServiceStack.Common.dll = Dll\ServiceStack.Common.dll
		Dll\ServiceStack.Interfaces.dll = Dll\ServiceStack.Interfaces.dll
		Dll\ServiceStack.Redis.dll = Dll\ServiceStack.Redis.dll
		Dll\ServiceStack.Text.dll = Dll\ServiceStack.Text.dll
		Dll\TopSdk.dll = Dll\TopSdk.dll
		Dll\WeifenLuo.WinFormsUI.Docking.dll = Dll\WeifenLuo.WinFormsUI.Docking.dll
	EndProjectSection
EndProject
Global
	GlobalSection(SolutionConfigurationPlatforms) = preSolution
		Debug|Any CPU = Debug|Any CPU
		Debug|Mixed Platforms = Debug|Mixed Platforms
		Debug|x86 = Debug|x86
		Release|Any CPU = Release|Any CPU
		Release|Mixed Platforms = Release|Mixed Platforms
		Release|x86 = Release|x86
	EndGlobalSection
	GlobalSection(ProjectConfigurationPlatforms) = postSolution
		{FB5FACE1-E412-4944-AE1B-32A8C12A343F}.Debug|Any CPU.ActiveCfg = Debug|x86
		{FB5FACE1-E412-4944-AE1B-32A8C12A343F}.Debug|Mixed Platforms.ActiveCfg = Debug|x86
		{FB5FACE1-E412-4944-AE1B-32A8C12A343F}.Debug|Mixed Platforms.Build.0 = Debug|x86
		{FB5FACE1-E412-4944-AE1B-32A8C12A343F}.Debug|x86.ActiveCfg = Debug|x86
		{FB5FACE1-E412-4944-AE1B-32A8C12A343F}.Debug|x86.Build.0 = Debug|x86
		{FB5FACE1-E412-4944-AE1B-32A8C12A343F}.Release|Any CPU.ActiveCfg = Release|x86
		{FB5FACE1-E412-4944-AE1B-32A8C12A343F}.Release|Mixed Platforms.ActiveCfg = Release|x86
		{FB5FACE1-E412-4944-AE1B-32A8C12A343F}.Release|Mixed Platforms.Build.0 = Release|x86
		{FB5FACE1-E412-4944-AE1B-32A8C12A343F}.Release|x86.ActiveCfg = Release|x86
		{FB5FACE1-E412-4944-AE1B-32A8C12A343F}.Release|x86.Build.0 = Release|x86
	EndGlobalSection
	GlobalSection(SolutionProperties) = preSolution
		HideSolutionNode = FALSE
	EndGlobalSection
EndGlobal
